
Microsoft Visual Studio Solution File, Format Version 12.00
# Visual Studio Version 16
VisualStudioVersion = 16.0.32228.343
MinimumVisualStudioVersion = 10.0.40219.1
Project("{9A19103F-16F7-4668-BE54-9A1E7A4F7556}") = "StrAgent", "StrAgent.csproj", "{C9AD43C6-3998-4993-AD89-D9E57D1B5387}"
EndProject
Global
	GlobalSection(SolutionConfigurationPlatforms) = preSolution
		Debug|Any CPU = Debug|Any CPU
		Release|Any CPU = Release|Any CPU
	EndGlobalSection
	GlobalSection(ProjectConfigurationPlatforms) = postSolution
		{C9AD43C6-3998-4993-AD89-D9E57D1B5387}.Debug|Any CPU.ActiveCfg = Debug|Any CPU
		{C9AD43C6-3998-4993-AD89-D9E57D1B5387}.Debug|Any CPU.Build.0 = Debug|Any CPU
		{C9AD43C6-3998-4993-AD89-D9E57D1B5387}.Release|Any CPU.ActiveCfg = Release|Any CPU
		{C9AD43C6-3998-4993-AD89-D9E57D1B5387}.Release|Any CPU.Build.0 = Release|Any CPU
	EndGlobalSection
	GlobalSection(SolutionProperties) = preSolution
		HideSolutionNode = FALSE
	EndGlobalSection
	GlobalSection(ExtensibilityGlobals) = postSolution
		SolutionGuid = {417BF345-2EEB-4947-841A-B6D5ECEFB3BD}
	EndGlobalSection
EndGlobal
